// !$*UTF8*$!
{
	archiveVersion = 1;
	classes = {
	};
	objectVersion = 50;
	objects = {

/* Begin PBXBuildFile section */
		FEE5C4FC24BBFA8B0023C0DE /* RadialMenuApp.swift in Sources */ = {isa = PBXBuildFile; fileRef = FEE5C4FB24BBFA8B0023C0DE /* RadialMenuApp.swift */; };
		FEE5C4FE24BBFA8B0023C0DE /* ContentView.swift in Sources */ = {isa = PBXBuildFile; fileRef = FEE5C4FD24BBFA8B0023C0DE /* ContentView.swift */; };
		FEE5C50024BBFA8B0023C0DE /* Assets.xcassets in Resources */ = {isa = PBXBuildFile; fileRef = FEE5C4FF24BBFA8B0023C0DE /* Assets.xcassets */; };
		FEE5C50324BBFA8B0023C0DE /* Preview Assets.xcassets in Resources */ = {isa = PBXBuildFile; fileRef = FEE5C50224BBFA8B0023C0DE /* Preview Assets.xcassets */; };
		FEE5C50B24BC05BC0023C0DE /* LinearButtonArray.swift in Sources */ = {isa = PBXBuildFile; fileRef = FEE5C50A24BC05BC0023C0DE /* LinearButtonArray.swift */; };
/* End PBXBuildFile section */

/* Begin PBXFileReference section */
		FEE5C4F824BBFA8B0023C0DE /* RadialMenu.app */ = {isa = PBXFileReference; explicitFileType = wrapper.application; includeInIndex = 0; path = RadialMenu.app; sourceTree = BUILT_PRODUCTS_DIR; };
		FEE5C4FB24BBFA8B0023C0DE /* RadialMenuApp.swift */ = {isa = PBXFileReference; lastKnownFileType = sourcecode.swift; path = RadialMenuApp.swift; sourceTree = "<group>"; };
		FEE5C4FD24BBFA8B0023C0DE /* ContentView.swift */ = {isa = PBXFileReference; lastKnownFileType = sourcecode.swift; path = ContentView.swift; sourceTree = "<group>"; };
		FEE5C4FF24BBFA8B0023C0DE /* Assets.xcassets */ = {isa = PBXFileReference; lastKnownFileType = folder.assetcatalog; path = Assets.xcassets; sourceTree = "<group>"; };
		FEE5C50224BBFA8B0023C0DE /* Preview Assets.xcassets */ = {isa = PBXFileReference; lastKnownFileType = folder.assetcatalog; path = "Preview Assets.xcassets"; sourceTree = "<group>"; };
		FEE5C50424BBFA8B0023C0DE /* Info.plist */ = {isa = PBXFileReference; lastKnownFileType = text.plist.xml; path = Info.plist; sourceTree = "<group>"; };
		FEE5C50A24BC05BC0023C0DE /* LinearButtonArray.swift */ = {isa = PBXFileReference; lastKnownFileType = sourcecode.swift; path = LinearButtonArray.swift; sourceTree = "<group>"; };
/* End PBXFileReference section */

/* Begin PBXFrameworksBuildPhase section */
		FEE5C4F524BBFA8B0023C0DE /* Frameworks */ = {
			isa = PBXFrameworksBuildPhase;
			buildActionMask = 2147483647;
			files = (
			);
			runOnlyForDeploymentPostprocessing = 0;
		};
/* End PBXFrameworksBuildPhase section */

/* Begin PBXGroup section */
		FEE5C4EF24BBFA8B0023C0DE = {
			isa = PBXGroup;
			children = (
				FEE5C4FA24BBFA8B0023C0DE /* RadialMenu */,
				FEE5C4F924BBFA8B0023C0DE /* Products */,
			);
			sourceTree = "<group>";
		};
		FEE5C4F924BBFA8B0023C0DE /* Products */ = {
			isa = PBXGroup;
			children = (
				FEE5C4F824BBFA8B0023C0DE /* RadialMenu.app */,
			);
			name = Products;
			sourceTree = "<group>";
		};
		FEE5C4FA24BBFA8B0023C0DE /* RadialMenu */ = {
			isa = PBXGroup;
			children = (
				FEE5C4FB24BBFA8B0023C0DE /* RadialMenuApp.swift */,
				FEE5C4FD24BBFA8B0023C0DE /* ContentView.swift */,
				FEE5C50A24BC05BC0023C0DE /* LinearButtonArray.swift */,
				FEE5C4FF24BBFA8B0023C0DE /* Assets.xcassets */,
				FEE5C50424BBFA8B0023C0DE /* Info.plist */,
				FEE5C50124BBFA8B0023C0DE /* Preview Content */,
			);
			path = RadialMenu;
			sourceTree = "<group>";
		};
		FEE5C50124BBFA8B0023C0DE /* Preview Content */ = {
			isa = PBXGroup;
			children = (
				FEE5C50224BBFA8B0023C0DE /* Preview Assets.xcassets */,
			);
			path = "Preview Content";
			sourceTree = "<group>";
		};
/* End PBXGroup section */

/* Begin PBXNativeTarget section */
		FEE5C4F724BBFA8B0023C0DE /* RadialMenu */ = {
			isa = PBXNativeTarget;
			buildConfigurationList = FEE5C50724BBFA8B0023C0DE /* Build configuration list for PBXNativeTarget "RadialMenu" */;
			buildPhases = (
				FEE5C4F424BBFA8B0023C0DE /* Sources */,
				FEE5C4F524BBFA8B0023C0DE /* Frameworks */,
				FEE5C4F624BBFA8B0023C0DE /* Resources */,
			);
			buildRules = (
			);
			dependencies = (
			);
			name = RadialMenu;
			productName = RadialMenu;
			productReference = FEE5C4F824BBFA8B0023C0DE /* RadialMenu.app */;
			productType = "com.apple.product-type.application";
		};
/* End PBXNativeTarget section */

/* Begin PBXProject section */
		FEE5C4F024BBFA8B0023C0DE /* Project object */ = {
			isa = PBXProject;
			attributes = {
				LastSwiftUpdateCheck = 1200;
				LastUpgradeCheck = 1200;
				TargetAttributes = {
					FEE5C4F724BBFA8B0023C0DE = {
						CreatedOnToolsVersion = 12.0;
					};
				};
			};
			buildConfigurationList = FEE5C4F324BBFA8B0023C0DE /* Build configuration list for PBXProject "RadialMenu" */;
			compatibilityVersion = "Xcode 9.3";
			developmentRegion = en;
			hasScannedForEncodings = 0;
			knownRegions = (
				en,
				Base,
			);
			mainGroup = FEE5C4EF24BBFA8B0023C0DE;
			productRefGroup = FEE5C4F924BBFA8B0023C0DE /* Products */;
			projectDirPath = "";
			projectRoot = "";
			targets = (
				FEE5C4F724BBFA8B0023C0DE /* RadialMenu */,
			);
		};
/* End PBXProject section */

/* Begin PBXResourcesBuildPhase section */
		FEE5C4F624BBFA8B0023C0DE /* Resources */ = {
			isa = PBXResourcesBuildPhase;
			buildActionMask = 2147483647;
			files = (
				FEE5C50324BBFA8B0023C0DE /* Preview Assets.xcassets in Resources */,
				FEE5C50024BBFA8B0023C0DE /* Assets.xcassets in Resources */,
			);
			runOnlyForDeploymentPostprocessing = 0;
		};
/* End PBXResourcesBuildPhase section */

/* Begin PBXSourcesBuildPhase section */
		FEE5C4F424BBFA8B0023C0DE /* Sources */ = {
			isa = PBXSourcesBuildPhase;
			buildActionMask = 2147483647;
			files = (
				FEE5C4FE24BBFA8B0023C0DE /* ContentView.swift in Sources */,
				FEE5C50B24BC05BC0023C0DE /* LinearButtonArray.swift in Sources */,
				FEE5C4FC24BBFA8B0023C0DE /* RadialMenuApp.swift in Sources */,
			);
			runOnlyForDeploymentPostprocessing = 0;
		};
/* End PBXSourcesBuildPhase section */

/* Begin XCBuildConfiguration section */
		FEE5C50524BBFA8B0023C0DE /* Debug */ = {
			isa = XCBuildConfiguration;
			buildSettings = {
				ALWAYS_SEARCH_USER_PATHS = NO;
				CLANG_ANALYZER_NONNULL = YES;
				CLANG_ANALYZER_NUMBER_OBJECT_CONVERSION = YES_AGGRESSIVE;
				CLANG_CXX_LANGUAGE_STANDARD = "gnu++14";
				CLANG_CXX_LIBRARY = "libc++";
				CLANG_ENABLE_MODULES = YES;
				CLANG_ENABLE_OBJC_ARC = YES;
				CLANG_ENABLE_OBJC_WEAK = YES;
				CLANG_WARN_BLOCK_CAPTURE_AUTORELEASING = YES;
				CLANG_WARN_BOOL_CONVERSION = YES;
				CLANG_WARN_COMMA = YES;
				CLANG_WARN_CONSTANT_CONVERSION = YES;
				CLANG_WARN_DEPRECATED_OBJC_IMPLEMENTATIONS = YES;
				CLANG_WARN_DIRECT_OBJC_ISA_USAGE = YES_ERROR;
				CLANG_WARN_DOCUMENTATION_COMMENTS = YES;
				CLANG_WARN_EMPTY_BODY = YES;
				CLANG_WARN_ENUM_CONVERSION = YES;
				CLANG_WARN_INFINITE_RECURSION = YES;
				CLANG_WARN_INT_CONVERSION = YES;
				CLANG_WARN_NON_LITERAL_NULL_CONVERSION = YES;
				CLANG_WARN_OBJC_IMPLICIT_RETAIN_SELF = YES;
				CLANG_WARN_OBJC_LITERAL_CONVERSION = YES;
				CLANG_WARN_OBJC_ROOT_CLASS = YES_ERROR;
				CLANG_WARN_QUOTED_INCLUDE_IN_FRAMEWORK_HEADER = YES;
				CLANG_WARN_RANGE_LOOP_ANALYSIS = YES;
				CLANG_WARN_STRICT_PROTOTYPES = YES;
				CLANG_WARN_SUSPICIOUS_MOVE = YES;
				CLANG_WARN_UNGUARDED_AVAILABILITY = YES_AGGRESSIVE;
				CLANG_WARN_UNREACHABLE_CODE = YES;
				CLANG_WARN__DUPLICATE_METHOD_MATCH = YES;
				COPY_PHASE_STRIP = NO;
				DEBUG_INFORMATION_FORMAT = dwarf;
				ENABLE_STRICT_OBJC_MSGSEND = YES;
				ENABLE_TESTABILITY = YES;
				GCC_C_LANGUAGE_STANDARD = gnu11;
				GCC_DYNAMIC_NO_PIC = NO;
				GCC_NO_COMMON_BLOCKS = YES;
				GCC_OPTIMIZATION_LEVEL = 0;
				GCC_PREPROCESSOR_DEFINITIONS = (
					"DEBUG=1",
					"$(inherited)",
				);
				GCC_WARN_64_TO_32_BIT_CONVERSION = YES;
				GCC_WARN_ABOUT_RETURN_TYPE = YES_ERROR;
				GCC_WARN_UNDECLARED_SELECTOR = YES;
				GCC_WARN_UNINITIALIZED_AUTOS = YES_AGGRESSIVE;
				GCC_WARN_UNUSED_FUNCTION = YES;
				GCC_WARN_UNUSED_VARIABLE = YES;
				IPHONEOS_DEPLOYMENT_TARGET = 14.0;
				MTL_ENABLE_DEBUG_INFO = INCLUDE_SOURCE;
				MTL_FAST_MATH = YES;
				ONLY_ACTIVE_ARCH = YES;
				SDKROOT = iphoneos;
				SWIFT_ACTIVE_COMPILATION_CONDITIONS = DEBUG;
				SWIFT_OPTIMIZATION_LEVEL = "-Onone";
			};
			name = Debug;
		};
		FEE5C50624BBFA8B0023C0DE /* Release */ = {
			isa = XCBuildConfiguration;
			buildSettings = {
				ALWAYS_SEARCH_USER_PATHS = NO;
				CLANG_ANALYZER_NONNULL = YES;
				CLANG_ANALYZER_NUMBER_OBJECT_CONVERSION = YES_AGGRESSIVE;
				CLANG_CXX_LANGUAGE_STANDARD = "gnu++14";
				CLANG_CXX_LIBRARY = "libc++";
				CLANG_ENABLE_MODULES = YES;
				CLANG_ENABLE_OBJC_ARC = YES;
				CLANG_ENABLE_OBJC_WEAK = YES;
				CLANG_WARN_BLOCK_CAPTURE_AUTORELEASING = YES;
				CLANG_WARN_BOOL_CONVERSION = YES;
				CLANG_WARN_COMMA = YES;
				CLANG_WARN_CONSTANT_CONVERSION = YES;
				CLANG_WARN_DEPRECATED_OBJC_IMPLEMENTATIONS = YES;
				CLANG_WARN_DIRECT_OBJC_ISA_USAGE = YES_ERROR;
				CLANG_WARN_DOCUMENTATION_COMMENTS = YES;
				CLANG_WARN_EMPTY_BODY = YES;
				CLANG_WARN_ENUM_CONVERSION = YES;
				CLANG_WARN_INFINITE_RECURSION = YES;
				CLANG_WARN_INT_CONVERSION = YES;
				CLANG_WARN_NON_LITERAL_NULL_CONVERSION = YES;
				CLANG_WARN_OBJC_IMPLICIT_RETAIN_SELF = YES;
				CLANG_WARN_OBJC_LITERAL_CONVERSION = YES;
				CLANG_WARN_OBJC_ROOT_CLASS = YES_ERROR;
				CLANG_WARN_QUOTED_INCLUDE_IN_FRAMEWORK_HEADER = YES;
				CLANG_WARN_RANGE_LOOP_ANALYSIS = YES;
				CLANG_WARN_STRICT_PROTOTYPES = YES;
				CLANG_WARN_SUSPICIOUS_MOVE = YES;
				CLANG_WARN_UNGUARDED_AVAILABILITY = YES_AGGRESSIVE;
				CLANG_WARN_UNREACHABLE_CODE = YES;
				CLANG_WARN__DUPLICATE_METHOD_MATCH = YES;
				COPY_PHASE_STRIP = NO;
				DEBUG_INFORMATION_FORMAT = "dwarf-with-dsym";
				ENABLE_NS_ASSERTIONS = NO;
				ENABLE_STRICT_OBJC_MSGSEND = YES;
				GCC_C_LANGUAGE_STANDARD = gnu11;
				GCC_NO_COMMON_BLOCKS = YES;
				GCC_WARN_64_TO_32_BIT_CONVERSION = YES;
				GCC_WARN_ABOUT_RETURN_TYPE = YES_ERROR;
				GCC_WARN_UNDECLARED_SELECTOR = YES;
				GCC_WARN_UNINITIALIZED_AUTOS = YES_AGGRESSIVE;
				GCC_WARN_UNUSED_FUNCTION = YES;
				GCC_WARN_UNUSED_VARIABLE = YES;
				IPHONEOS_DEPLOYMENT_TARGET = 14.0;
				MTL_ENABLE_DEBUG_INFO = NO;
				MTL_FAST_MATH = YES;
				SDKROOT = iphoneos;
				SWIFT_COMPILATION_MODE = wholemodule;
				SWIFT_OPTIMIZATION_LEVEL = "-O";
				VALIDATE_PRODUCT = YES;
			};
			name = Release;
		};
		FEE5C50824BBFA8B0023C0DE /* Debug */ = {
			isa = XCBuildConfiguration;
			buildSettings = {
				ASSETCATALOG_COMPILER_APPICON_NAME = AppIcon;
				ASSETCATALOG_COMPILER_GLOBAL_ACCENT_COLOR_NAME = AccentColor;
				CODE_SIGN_STYLE = Automatic;
				DEVELOPMENT_ASSET_PATHS = "\"RadialMenu/Preview Content\"";
				DEVELOPMENT_TEAM = MF7UZR73AE;
				ENABLE_PREVIEWS = YES;
				INFOPLIST_FILE = RadialMenu/Info.plist;
				IPHONEOS_DEPLOYMENT_TARGET = 14.0;
				LD_RUNPATH_SEARCH_PATHS = (
					"$(inherited)",
					"@executable_path/Frameworks",
				);
				PRODUCT_BUNDLE_IDENTIFIER = com.BRP.RadialMenu;
				PRODUCT_NAME = "$(TARGET_NAME)";
				SWIFT_VERSION = 5.0;
				TARGETED_DEVICE_FAMILY = "1,2";
			};
			name = Debug;
		};
		FEE5C50924BBFA8B0023C0DE /* Release */ = {
			isa = XCBuildConfiguration;
			buildSettings = {
				ASSETCATALOG_COMPILER_APPICON_NAME = AppIcon;
				ASSETCATALOG_COMPILER_GLOBAL_ACCENT_COLOR_NAME = AccentColor;
				CODE_SIGN_STYLE = Automatic;
				DEVELOPMENT_ASSET_PATHS = "\"RadialMenu/Preview Content\"";
				DEVELOPMENT_TEAM = MF7UZR73AE;
				ENABLE_PREVIEWS = YES;
				INFOPLIST_FILE = RadialMenu/Info.plist;
				IPHONEOS_DEPLOYMENT_TARGET = 14.0;
				LD_RUNPATH_SEARCH_PATHS = (
					"$(inherited)",
					"@executable_path/Frameworks",
				);
				PRODUCT_BUNDLE_IDENTIFIER = com.BRP.RadialMenu;
				PRODUCT_NAME = "$(TARGET_NAME)";
				SWIFT_VERSION = 5.0;
				TARGETED_DEVICE_FAMILY = "1,2";
			};
			name = Release;
		};
/* End XCBuildConfiguration section */

/* Begin XCConfigurationList section */
		FEE5C4F324BBFA8B0023C0DE /* Build configuration list for PBXProject "RadialMenu" */ = {
			isa = XCConfigurationList;
			buildConfigurations = (
				FEE5C50524BBFA8B0023C0DE /* Debug */,
				FEE5C50624BBFA8B0023C0DE /* Release */,
			);
			defaultConfigurationIsVisible = 0;
			defaultConfigurationName = Release;
		};
		FEE5C50724BBFA8B0023C0DE /* Build configuration list for PBXNativeTarget "RadialMenu" */ = {
			isa = XCConfigurationList;
			buildConfigurations = (
				FEE5C50824BBFA8B0023C0DE /* Debug */,
				FEE5C50924BBFA8B0023C0DE /* Release */,
			);
			defaultConfigurationIsVisible = 0;
			defaultConfigurationName = Release;
		};
/* End XCConfigurationList section */
	};
	rootObject = FEE5C4F024BBFA8B0023C0DE /* Project object */;
}
